
Microsoft Visual Studio Solution File, Format Version 12.00
# Visual Studio Version 16
VisualStudioVersion = 16.0.30320.27
MinimumVisualStudioVersion = 10.0.40219.1
Project("{FAE04EC0-301F-11D3-BF4B-00C04F79EFBC}") = "Calculadora", "Calculadora\Calculadora.csproj", "{3A45557D-04D5-48C0-B676-5D64AADCE709}"
EndProject
Global
	GlobalSection(SolutionConfigurationPlatforms) = preSolution
		Debug|Any CPU = Debug|Any CPU
		Release|Any CPU = Release|Any CPU
	EndGlobalSection
	GlobalSection(ProjectConfigurationPlatforms) = postSolution
		{3A45557D-04D5-48C0-B676-5D64AADCE709}.Debug|Any CPU.ActiveCfg = Debug|Any CPU
		{3A45557D-04D5-48C0-B676-5D64AADCE709}.Debug|Any CPU.Build.0 = Debug|Any CPU
		{3A45557D-04D5-48C0-B676-5D64AADCE709}.Release|Any CPU.ActiveCfg = Release|Any CPU
		{3A45557D-04D5-48C0-B676-5D64AADCE709}.Release|Any CPU.Build.0 = Release|Any CPU
	EndGlobalSection
	GlobalSection(SolutionProperties) = preSolution
		HideSolutionNode = FALSE
	EndGlobalSection
	GlobalSection(ExtensibilityGlobals) = postSolution
		SolutionGuid = {A18F9D72-6A10-4964-83F7-0EFB47534EEE}
	EndGlobalSection
EndGlobal
