
Microsoft Visual Studio Solution File, Format Version 12.00
# Visual Studio 15
VisualStudioVersion = 15.0.28307.572
MinimumVisualStudioVersion = 10.0.40219.1
Project("{FAE04EC0-301F-11D3-BF4B-00C04F79EFBC}") = "Metade da Diferença", "Metade da Diferença\Metade da Diferença.csproj", "{0A5215D0-7961-4D75-9322-CA25EAD9D722}"
EndProject
Global
	GlobalSection(SolutionConfigurationPlatforms) = preSolution
		Debug|Any CPU = Debug|Any CPU
		Release|Any CPU = Release|Any CPU
	EndGlobalSection
	GlobalSection(ProjectConfigurationPlatforms) = postSolution
		{0A5215D0-7961-4D75-9322-CA25EAD9D722}.Debug|Any CPU.ActiveCfg = Debug|Any CPU
		{0A5215D0-7961-4D75-9322-CA25EAD9D722}.Debug|Any CPU.Build.0 = Debug|Any CPU
		{0A5215D0-7961-4D75-9322-CA25EAD9D722}.Release|Any CPU.ActiveCfg = Release|Any CPU
		{0A5215D0-7961-4D75-9322-CA25EAD9D722}.Release|Any CPU.Build.0 = Release|Any CPU
	EndGlobalSection
	GlobalSection(SolutionProperties) = preSolution
		HideSolutionNode = FALSE
	EndGlobalSection
	GlobalSection(ExtensibilityGlobals) = postSolution
		SolutionGuid = {2855CA47-2B64-46B1-A785-36980E456242}
	EndGlobalSection
EndGlobal
