
Microsoft Visual Studio Solution File, Format Version 12.00
# Visual Studio 15
VisualStudioVersion = 15.0.28307.572
MinimumVisualStudioVersion = 10.0.40219.1
Project("{FAE04EC0-301F-11D3-BF4B-00C04F79EFBC}") = "Votação", "Votação\Votação.csproj", "{B491A4FF-B0EB-4B2D-A632-0328B88429FA}"
EndProject
Global
	GlobalSection(SolutionConfigurationPlatforms) = preSolution
		Debug|Any CPU = Debug|Any CPU
		Release|Any CPU = Release|Any CPU
	EndGlobalSection
	GlobalSection(ProjectConfigurationPlatforms) = postSolution
		{B491A4FF-B0EB-4B2D-A632-0328B88429FA}.Debug|Any CPU.ActiveCfg = Debug|Any CPU
		{B491A4FF-B0EB-4B2D-A632-0328B88429FA}.Debug|Any CPU.Build.0 = Debug|Any CPU
		{B491A4FF-B0EB-4B2D-A632-0328B88429FA}.Release|Any CPU.ActiveCfg = Release|Any CPU
		{B491A4FF-B0EB-4B2D-A632-0328B88429FA}.Release|Any CPU.Build.0 = Release|Any CPU
	EndGlobalSection
	GlobalSection(SolutionProperties) = preSolution
		HideSolutionNode = FALSE
	EndGlobalSection
	GlobalSection(ExtensibilityGlobals) = postSolution
		SolutionGuid = {2FFF334E-7247-4EDF-999F-7786E8AC0C25}
	EndGlobalSection
EndGlobal
